# THIS IS AN AUTOGENERATED FILE. DO NOT EDIT THIS FILE DIRECTLY.
# yarn lockfile v1


"@stimulus/core@^1.0.1":
  version "1.0.1"
  resolved "https://registry.yarnpkg.com/@stimulus/core/-/core-1.0.1.tgz#76e2c9e007df8a89dd5f8f707c63a64e1c6afef0"
  dependencies:
    "@stimulus/mutation-observers" "^1.0.0"

"@stimulus/multimap@^0.9.0":
  version "0.9.0"
  resolved "https://registry.yarnpkg.com/@stimulus/multimap/-/multimap-0.9.0.tgz#ed63699b3efb273411c118a50955569b2565a6e8"

"@stimulus/mutation-observers@^1.0.0":
  version "1.0.0"
  resolved "https://registry.yarnpkg.com/@stimulus/mutation-observers/-/mutation-observers-1.0.0.tgz#5a54cf78ce697b72f47a7c4f4594c024a7c2656e"
  dependencies:
    "@stimulus/multimap" "^0.9.0"

"@stimulus/webpack-helpers@^1.0.0":
  version "1.0.0"
  resolved "https://registry.yarnpkg.com/@stimulus/webpack-helpers/-/webpack-helpers-1.0.0.tgz#f38b8281182436085d3472dc963dcbd81d731141"

normalize.css@^8.0.0:
  version "8.0.0"
  resolved "https://registry.yarnpkg.com/normalize.css/-/normalize.css-8.0.0.tgz#14ac5e461612538a4ce9be90a7da23f86e718493"

stimulus@^1.0.1:
  version "1.0.1"
  resolved "https://registry.yarnpkg.com/stimulus/-/stimulus-1.0.1.tgz#34418d9e05039920359c02590841147bce78b555"
  dependencies:
    "@stimulus/core" "^1.0.1"
    "@stimulus/webpack-helpers" "^1.0.0"
